
Microsoft Visual Studio Solution File, Format Version 12.00
# Visual Studio Version 17
VisualStudioVersion = 17.2.32630.192
MinimumVisualStudioVersion = 10.0.40219.1
Project("{8BC9CEB8-8B4A-11D0-8D11-00A0C91BC942}") = "2d-soft-body", "2d-soft-body.vcxproj", "{BE884A43-3E59-40DA-98B8-32D0C7494BCB}"
EndProject
Global
	GlobalSection(SolutionConfigurationPlatforms) = preSolution
		Debug|x64 = Debug|x64
		Release|x64 = Release|x64
	EndGlobalSection
	GlobalSection(ProjectConfigurationPlatforms) = postSolution
		{BE884A43-3E59-40DA-98B8-32D0C7494BCB}.Debug|x64.ActiveCfg = Debug|x64
		{BE884A43-3E59-40DA-98B8-32D0C7494BCB}.Debug|x64.Build.0 = Debug|x64
		{BE884A43-3E59-40DA-98B8-32D0C7494BCB}.Release|x64.ActiveCfg = Release|x64
		{BE884A43-3E59-40DA-98B8-32D0C7494BCB}.Release|x64.Build.0 = Release|x64
	EndGlobalSection
	GlobalSection(SolutionProperties) = preSolution
		HideSolutionNode = FALSE
	EndGlobalSection
	GlobalSection(ExtensibilityGlobals) = postSolution
		SolutionGuid = {8E7944AB-FAE7-4E7A-B42F-F8D77276BDFE}
	EndGlobalSection
EndGlobal
